
Microsoft Visual Studio Solution File, Format Version 11.00
# Visual Studio 2010
Project("{2150E333-8FDC-42A3-9474-1A3956D46DE8}") = "Solution Items", "Solution Items", "{E6E10ADA-753A-43F4-8814-1765B568ABF6}"
	ProjectSection(SolutionItems) = preProject
		ReadMe.txt = ReadMe.txt
	EndProjectSection
EndProject
Project("{FAE04EC0-301F-11D3-BF4B-00C04F79EFBC}") = "EqualsRefTip2", "EqualsRefTip2\EqualsRefTip2.csproj", "{1875DB6F-1083-4677-AFF7-C06701BE3386}"
EndProject
Project("{FAE04EC0-301F-11D3-BF4B-00C04F79EFBC}") = "EqualsVrijednTip", "EqualsVrijednTip\EqualsVrijednTip.csproj", "{53D14D11-8D55-4C13-AE4A-9AC78B5E8C96}"
EndProject
Project("{FAE04EC0-301F-11D3-BF4B-00C04F79EFBC}") = "UsporedbaRef", "UsporedbaRef\UsporedbaRef.csproj", "{22C2E2F5-1CF7-421D-8481-6591F17B1224}"
EndProject
Project("{FAE04EC0-301F-11D3-BF4B-00C04F79EFBC}") = "UsporedbaVrijedn", "UsporedbaVrijedn\UsporedbaVrijedn.csproj", "{CFD69D9E-A2DE-4A63-AC43-E95A85F004A7}"
EndProject
Project("{FAE04EC0-301F-11D3-BF4B-00C04F79EFBC}") = "Clone", "Clone\Clone.csproj", "{6393A475-21A0-4AD6-80E5-4975CBFA1EBF}"
EndProject
Project("{FAE04EC0-301F-11D3-BF4B-00C04F79EFBC}") = "SytemObject", "SystemObject\SytemObject.csproj", "{00397C6E-2585-4D1F-95CC-B07F77ED1385}"
EndProject
Project("{FAE04EC0-301F-11D3-BF4B-00C04F79EFBC}") = "Equals", "Equals\Equals.csproj", "{9AD36FC9-11EE-4BE5-A4EB-07C3566AFF5E}"
EndProject
Project("{FAE04EC0-301F-11D3-BF4B-00C04F79EFBC}") = "EqualsRefTip1", "EqualsRefTip1\EqualsRefTip1.csproj", "{A5735BA2-18F0-4143-9F8F-3DC4DC3148BB}"
EndProject
Project("{FAE04EC0-301F-11D3-BF4B-00C04F79EFBC}") = "ToString", "ToString\ToString.csproj", "{13703005-A177-4486-8DBE-6AB22F63C47F}"
EndProject
Project("{FAE04EC0-301F-11D3-BF4B-00C04F79EFBC}") = "GetHashCodeString", "GetHashCodeString\GetHashCodeString.csproj", "{ED5914B2-9512-4EBE-A101-9E0138224C8B}"
EndProject
Project("{FAE04EC0-301F-11D3-BF4B-00C04F79EFBC}") = "GetHashCode", "GetHashCode\GetHashCode.csproj", "{4D4E139C-26A0-4C96-9CA6-73301BC213C7}"
EndProject
Global
	GlobalSection(SolutionConfigurationPlatforms) = preSolution
		Debug|Any CPU = Debug|Any CPU
		Debug|Mixed Platforms = Debug|Mixed Platforms
		Debug|x86 = Debug|x86
		Release|Any CPU = Release|Any CPU
		Release|Mixed Platforms = Release|Mixed Platforms
		Release|x86 = Release|x86
	EndGlobalSection
	GlobalSection(ProjectConfigurationPlatforms) = postSolution
		{1875DB6F-1083-4677-AFF7-C06701BE3386}.Debug|Any CPU.ActiveCfg = Debug|Any CPU
		{1875DB6F-1083-4677-AFF7-C06701BE3386}.Debug|Any CPU.Build.0 = Debug|Any CPU
		{1875DB6F-1083-4677-AFF7-C06701BE3386}.Debug|Mixed Platforms.ActiveCfg = Debug|Any CPU
		{1875DB6F-1083-4677-AFF7-C06701BE3386}.Debug|Mixed Platforms.Build.0 = Debug|Any CPU
		{1875DB6F-1083-4677-AFF7-C06701BE3386}.Debug|x86.ActiveCfg = Debug|Any CPU
		{1875DB6F-1083-4677-AFF7-C06701BE3386}.Release|Any CPU.ActiveCfg = Release|Any CPU
		{1875DB6F-1083-4677-AFF7-C06701BE3386}.Release|Any CPU.Build.0 = Release|Any CPU
		{1875DB6F-1083-4677-AFF7-C06701BE3386}.Release|Mixed Platforms.ActiveCfg = Release|Any CPU
		{1875DB6F-1083-4677-AFF7-C06701BE3386}.Release|Mixed Platforms.Build.0 = Release|Any CPU
		{1875DB6F-1083-4677-AFF7-C06701BE3386}.Release|x86.ActiveCfg = Release|Any CPU
		{53D14D11-8D55-4C13-AE4A-9AC78B5E8C96}.Debug|Any CPU.ActiveCfg = Debug|Any CPU
		{53D14D11-8D55-4C13-AE4A-9AC78B5E8C96}.Debug|Any CPU.Build.0 = Debug|Any CPU
		{53D14D11-8D55-4C13-AE4A-9AC78B5E8C96}.Debug|Mixed Platforms.ActiveCfg = Debug|Any CPU
		{53D14D11-8D55-4C13-AE4A-9AC78B5E8C96}.Debug|Mixed Platforms.Build.0 = Debug|Any CPU
		{53D14D11-8D55-4C13-AE4A-9AC78B5E8C96}.Debug|x86.ActiveCfg = Debug|Any CPU
		{53D14D11-8D55-4C13-AE4A-9AC78B5E8C96}.Release|Any CPU.ActiveCfg = Release|Any CPU
		{53D14D11-8D55-4C13-AE4A-9AC78B5E8C96}.Release|Any CPU.Build.0 = Release|Any CPU
		{53D14D11-8D55-4C13-AE4A-9AC78B5E8C96}.Release|Mixed Platforms.ActiveCfg = Release|Any CPU
		{53D14D11-8D55-4C13-AE4A-9AC78B5E8C96}.Release|Mixed Platforms.Build.0 = Release|Any CPU
		{53D14D11-8D55-4C13-AE4A-9AC78B5E8C96}.Release|x86.ActiveCfg = Release|Any CPU
		{22C2E2F5-1CF7-421D-8481-6591F17B1224}.Debug|Any CPU.ActiveCfg = Debug|Any CPU
		{22C2E2F5-1CF7-421D-8481-6591F17B1224}.Debug|Any CPU.Build.0 = Debug|Any CPU
		{22C2E2F5-1CF7-421D-8481-6591F17B1224}.Debug|Mixed Platforms.ActiveCfg = Debug|Any CPU
		{22C2E2F5-1CF7-421D-8481-6591F17B1224}.Debug|Mixed Platforms.Build.0 = Debug|Any CPU
		{22C2E2F5-1CF7-421D-8481-6591F17B1224}.Debug|x86.ActiveCfg = Debug|Any CPU
		{22C2E2F5-1CF7-421D-8481-6591F17B1224}.Release|Any CPU.ActiveCfg = Release|Any CPU
		{22C2E2F5-1CF7-421D-8481-6591F17B1224}.Release|Any CPU.Build.0 = Release|Any CPU
		{22C2E2F5-1CF7-421D-8481-6591F17B1224}.Release|Mixed Platforms.ActiveCfg = Release|Any CPU
		{22C2E2F5-1CF7-421D-8481-6591F17B1224}.Release|Mixed Platforms.Build.0 = Release|Any CPU
		{22C2E2F5-1CF7-421D-8481-6591F17B1224}.Release|x86.ActiveCfg = Release|Any CPU
		{CFD69D9E-A2DE-4A63-AC43-E95A85F004A7}.Debug|Any CPU.ActiveCfg = Debug|Any CPU
		{CFD69D9E-A2DE-4A63-AC43-E95A85F004A7}.Debug|Any CPU.Build.0 = Debug|Any CPU
		{CFD69D9E-A2DE-4A63-AC43-E95A85F004A7}.Debug|Mixed Platforms.ActiveCfg = Debug|Any CPU
		{CFD69D9E-A2DE-4A63-AC43-E95A85F004A7}.Debug|Mixed Platforms.Build.0 = Debug|Any CPU
		{CFD69D9E-A2DE-4A63-AC43-E95A85F004A7}.Debug|x86.ActiveCfg = Debug|Any CPU
		{CFD69D9E-A2DE-4A63-AC43-E95A85F004A7}.Release|Any CPU.ActiveCfg = Release|Any CPU
		{CFD69D9E-A2DE-4A63-AC43-E95A85F004A7}.Release|Any CPU.Build.0 = Release|Any CPU
		{CFD69D9E-A2DE-4A63-AC43-E95A85F004A7}.Release|Mixed Platforms.ActiveCfg = Release|Any CPU
		{CFD69D9E-A2DE-4A63-AC43-E95A85F004A7}.Release|Mixed Platforms.Build.0 = Release|Any CPU
		{CFD69D9E-A2DE-4A63-AC43-E95A85F004A7}.Release|x86.ActiveCfg = Release|Any CPU
		{6393A475-21A0-4AD6-80E5-4975CBFA1EBF}.Debug|Any CPU.ActiveCfg = Debug|Any CPU
		{6393A475-21A0-4AD6-80E5-4975CBFA1EBF}.Debug|Any CPU.Build.0 = Debug|Any CPU
		{6393A475-21A0-4AD6-80E5-4975CBFA1EBF}.Debug|Mixed Platforms.ActiveCfg = Debug|Any CPU
		{6393A475-21A0-4AD6-80E5-4975CBFA1EBF}.Debug|Mixed Platforms.Build.0 = Debug|Any CPU
		{6393A475-21A0-4AD6-80E5-4975CBFA1EBF}.Debug|x86.ActiveCfg = Debug|Any CPU
		{6393A475-21A0-4AD6-80E5-4975CBFA1EBF}.Release|Any CPU.ActiveCfg = Release|Any CPU
		{6393A475-21A0-4AD6-80E5-4975CBFA1EBF}.Release|Any CPU.Build.0 = Release|Any CPU
		{6393A475-21A0-4AD6-80E5-4975CBFA1EBF}.Release|Mixed Platforms.ActiveCfg = Release|Any CPU
		{6393A475-21A0-4AD6-80E5-4975CBFA1EBF}.Release|Mixed Platforms.Build.0 = Release|Any CPU
		{6393A475-21A0-4AD6-80E5-4975CBFA1EBF}.Release|x86.ActiveCfg = Release|Any CPU
		{00397C6E-2585-4D1F-95CC-B07F77ED1385}.Debug|Any CPU.ActiveCfg = Debug|Any CPU
		{00397C6E-2585-4D1F-95CC-B07F77ED1385}.Debug|Any CPU.Build.0 = Debug|Any CPU
		{00397C6E-2585-4D1F-95CC-B07F77ED1385}.Debug|Mixed Platforms.ActiveCfg = Debug|Any CPU
		{00397C6E-2585-4D1F-95CC-B07F77ED1385}.Debug|Mixed Platforms.Build.0 = Debug|Any CPU
		{00397C6E-2585-4D1F-95CC-B07F77ED1385}.Debug|x86.ActiveCfg = Debug|Any CPU
		{00397C6E-2585-4D1F-95CC-B07F77ED1385}.Release|Any CPU.ActiveCfg = Release|Any CPU
		{00397C6E-2585-4D1F-95CC-B07F77ED1385}.Release|Any CPU.Build.0 = Release|Any CPU
		{00397C6E-2585-4D1F-95CC-B07F77ED1385}.Release|Mixed Platforms.ActiveCfg = Release|Any CPU
		{00397C6E-2585-4D1F-95CC-B07F77ED1385}.Release|Mixed Platforms.Build.0 = Release|Any CPU
		{00397C6E-2585-4D1F-95CC-B07F77ED1385}.Release|x86.ActiveCfg = Release|Any CPU
		{9AD36FC9-11EE-4BE5-A4EB-07C3566AFF5E}.Debug|Any CPU.ActiveCfg = Debug|x86
		{9AD36FC9-11EE-4BE5-A4EB-07C3566AFF5E}.Debug|Mixed Platforms.ActiveCfg = Debug|x86
		{9AD36FC9-11EE-4BE5-A4EB-07C3566AFF5E}.Debug|Mixed Platforms.Build.0 = Debug|x86
		{9AD36FC9-11EE-4BE5-A4EB-07C3566AFF5E}.Debug|x86.ActiveCfg = Debug|x86
		{9AD36FC9-11EE-4BE5-A4EB-07C3566AFF5E}.Debug|x86.Build.0 = Debug|x86
		{9AD36FC9-11EE-4BE5-A4EB-07C3566AFF5E}.Release|Any CPU.ActiveCfg = Release|x86
		{9AD36FC9-11EE-4BE5-A4EB-07C3566AFF5E}.Release|Mixed Platforms.ActiveCfg = Release|x86
		{9AD36FC9-11EE-4BE5-A4EB-07C3566AFF5E}.Release|Mixed Platforms.Build.0 = Release|x86
		{9AD36FC9-11EE-4BE5-A4EB-07C3566AFF5E}.Release|x86.ActiveCfg = Release|x86
		{9AD36FC9-11EE-4BE5-A4EB-07C3566AFF5E}.Release|x86.Build.0 = Release|x86
		{A5735BA2-18F0-4143-9F8F-3DC4DC3148BB}.Debug|Any CPU.ActiveCfg = Debug|Any CPU
		{A5735BA2-18F0-4143-9F8F-3DC4DC3148BB}.Debug|Any CPU.Build.0 = Debug|Any CPU
		{A5735BA2-18F0-4143-9F8F-3DC4DC3148BB}.Debug|Mixed Platforms.ActiveCfg = Debug|Any CPU
		{A5735BA2-18F0-4143-9F8F-3DC4DC3148BB}.Debug|Mixed Platforms.Build.0 = Debug|Any CPU
		{A5735BA2-18F0-4143-9F8F-3DC4DC3148BB}.Debug|x86.ActiveCfg = Debug|Any CPU
		{A5735BA2-18F0-4143-9F8F-3DC4DC3148BB}.Release|Any CPU.ActiveCfg = Release|Any CPU
		{A5735BA2-18F0-4143-9F8F-3DC4DC3148BB}.Release|Any CPU.Build.0 = Release|Any CPU
		{A5735BA2-18F0-4143-9F8F-3DC4DC3148BB}.Release|Mixed Platforms.ActiveCfg = Release|Any CPU
		{A5735BA2-18F0-4143-9F8F-3DC4DC3148BB}.Release|Mixed Platforms.Build.0 = Release|Any CPU
		{A5735BA2-18F0-4143-9F8F-3DC4DC3148BB}.Release|x86.ActiveCfg = Release|Any CPU
		{13703005-A177-4486-8DBE-6AB22F63C47F}.Debug|Any CPU.ActiveCfg = Debug|x86
		{13703005-A177-4486-8DBE-6AB22F63C47F}.Debug|Mixed Platforms.ActiveCfg = Debug|x86
		{13703005-A177-4486-8DBE-6AB22F63C47F}.Debug|Mixed Platforms.Build.0 = Debug|x86
		{13703005-A177-4486-8DBE-6AB22F63C47F}.Debug|x86.ActiveCfg = Debug|x86
		{13703005-A177-4486-8DBE-6AB22F63C47F}.Debug|x86.Build.0 = Debug|x86
		{13703005-A177-4486-8DBE-6AB22F63C47F}.Release|Any CPU.ActiveCfg = Release|x86
		{13703005-A177-4486-8DBE-6AB22F63C47F}.Release|Mixed Platforms.ActiveCfg = Release|x86
		{13703005-A177-4486-8DBE-6AB22F63C47F}.Release|Mixed Platforms.Build.0 = Release|x86
		{13703005-A177-4486-8DBE-6AB22F63C47F}.Release|x86.ActiveCfg = Release|x86
		{13703005-A177-4486-8DBE-6AB22F63C47F}.Release|x86.Build.0 = Release|x86
		{ED5914B2-9512-4EBE-A101-9E0138224C8B}.Debug|Any CPU.ActiveCfg = Debug|x86
		{ED5914B2-9512-4EBE-A101-9E0138224C8B}.Debug|Mixed Platforms.ActiveCfg = Debug|x86
		{ED5914B2-9512-4EBE-A101-9E0138224C8B}.Debug|Mixed Platforms.Build.0 = Debug|x86
		{ED5914B2-9512-4EBE-A101-9E0138224C8B}.Debug|x86.ActiveCfg = Debug|x86
		{ED5914B2-9512-4EBE-A101-9E0138224C8B}.Debug|x86.Build.0 = Debug|x86
		{ED5914B2-9512-4EBE-A101-9E0138224C8B}.Release|Any CPU.ActiveCfg = Release|x86
		{ED5914B2-9512-4EBE-A101-9E0138224C8B}.Release|Mixed Platforms.ActiveCfg = Release|x86
		{ED5914B2-9512-4EBE-A101-9E0138224C8B}.Release|Mixed Platforms.Build.0 = Release|x86
		{ED5914B2-9512-4EBE-A101-9E0138224C8B}.Release|x86.ActiveCfg = Release|x86
		{ED5914B2-9512-4EBE-A101-9E0138224C8B}.Release|x86.Build.0 = Release|x86
		{4D4E139C-26A0-4C96-9CA6-73301BC213C7}.Debug|Any CPU.ActiveCfg = Debug|x86
		{4D4E139C-26A0-4C96-9CA6-73301BC213C7}.Debug|Mixed Platforms.ActiveCfg = Debug|x86
		{4D4E139C-26A0-4C96-9CA6-73301BC213C7}.Debug|Mixed Platforms.Build.0 = Debug|x86
		{4D4E139C-26A0-4C96-9CA6-73301BC213C7}.Debug|x86.ActiveCfg = Debug|x86
		{4D4E139C-26A0-4C96-9CA6-73301BC213C7}.Debug|x86.Build.0 = Debug|x86
		{4D4E139C-26A0-4C96-9CA6-73301BC213C7}.Release|Any CPU.ActiveCfg = Release|x86
		{4D4E139C-26A0-4C96-9CA6-73301BC213C7}.Release|Mixed Platforms.ActiveCfg = Release|x86
		{4D4E139C-26A0-4C96-9CA6-73301BC213C7}.Release|Mixed Platforms.Build.0 = Release|x86
		{4D4E139C-26A0-4C96-9CA6-73301BC213C7}.Release|x86.ActiveCfg = Release|x86
		{4D4E139C-26A0-4C96-9CA6-73301BC213C7}.Release|x86.Build.0 = Release|x86
	EndGlobalSection
	GlobalSection(SolutionProperties) = preSolution
		HideSolutionNode = FALSE
	EndGlobalSection
EndGlobal
